{
  "version": 4,
  "terraform_version": "1.3.8",
  "serial": 2,
  "lineage": "249fa66e-90d3-0e45-133d-74bd7f371e32",
  "outputs": {
    "vpc_arn": {
      "value": "arn:aws:ec2:us-east-1:587106660195:vpc/vpc-0fc1b84784a75531e",
      "type": "string"
    },
    "vpc_id": {
      "value": "vpc-0fc1b84784a75531e",
      "type": "string"
    }
  },
  "resources": [
    {
      "mode": "managed",
      "type": "aws_vpc",
      "name": "my_vpc",
      "provider": "provider[\"registry.terraform.io/hashicorp/aws\"]",
      "instances": [
        {
          "schema_version": 1,
          "attributes": {
            "arn": "arn:aws:ec2:us-east-1:587106660195:vpc/vpc-0fc1b84784a75531e",
            "assign_generated_ipv6_cidr_block": false,
            "cidr_block": "10.0.0.0/16",
            "default_network_acl_id": "acl-09ba2e2ceea01c58e",
            "default_route_table_id": "rtb-04f9c1ea963653260",
            "default_security_group_id": "sg-0b1a93e981293e635",
            "dhcp_options_id": "dopt-043418744592ce4ee",
            "enable_classiclink": false,
            "enable_classiclink_dns_support": false,
            "enable_dns_hostnames": false,
            "enable_dns_support": true,
            "enable_network_address_usage_metrics": false,
            "id": "vpc-0fc1b84784a75531e",
            "instance_tenancy": "default",
            "ipv4_ipam_pool_id": null,
            "ipv4_netmask_length": null,
            "ipv6_association_id": "",
            "ipv6_cidr_block": "",
            "ipv6_cidr_block_network_border_group": "",
            "ipv6_ipam_pool_id": "",
            "ipv6_netmask_length": 0,
            "main_route_table_id": "rtb-04f9c1ea963653260",
            "owner_id": "587106660195",
            "tags": {
              "Name": "demo-vpc"
            },
            "tags_all": {
              "Name": "demo-vpc"
            }
          },
          "sensitive_attributes": [],
          "private": "eyJzY2hlbWFfdmVyc2lvbiI6IjEifQ=="
        }
      ]
    }
  ],
  "check_results": null
}
